
Microsoft Visual Studio Solution File, Format Version 12.00
# Visual Studio Version 16
VisualStudioVersion = 16.0.30907.101
MinimumVisualStudioVersion = 10.0.40219.1
Project("{FAE04EC0-301F-11D3-BF4B-00C04F79EFBC}") = "Fun Project Sept 21", "Fun Project Sept 21\Fun Project Sept 21.csproj", "{24746D05-1B43-4059-9599-2C9F2AC1BCD2}"
EndProject
Global
	GlobalSection(SolutionConfigurationPlatforms) = preSolution
		Debug|Any CPU = Debug|Any CPU
		Release|Any CPU = Release|Any CPU
	EndGlobalSection
	GlobalSection(ProjectConfigurationPlatforms) = postSolution
		{24746D05-1B43-4059-9599-2C9F2AC1BCD2}.Debug|Any CPU.ActiveCfg = Debug|Any CPU
		{24746D05-1B43-4059-9599-2C9F2AC1BCD2}.Debug|Any CPU.Build.0 = Debug|Any CPU
		{24746D05-1B43-4059-9599-2C9F2AC1BCD2}.Release|Any CPU.ActiveCfg = Release|Any CPU
		{24746D05-1B43-4059-9599-2C9F2AC1BCD2}.Release|Any CPU.Build.0 = Release|Any CPU
	EndGlobalSection
	GlobalSection(SolutionProperties) = preSolution
		HideSolutionNode = FALSE
	EndGlobalSection
	GlobalSection(ExtensibilityGlobals) = postSolution
		SolutionGuid = {15733A9E-5D8E-49A7-945D-F66534F2CF01}
	EndGlobalSection
EndGlobal
